// !$*UTF8*$!
{
	archiveVersion = 1;
	classes = {
	};
	objectVersion = 50;
	objects = {

/* Begin PBXBuildFile section */
		91510FAA2535CDF3000A604E /* watchTest WatchKit App.app in Embed Watch Content */ = {isa = PBXBuildFile; fileRef = 91510FA92535CDF3000A604E /* watchTest WatchKit App.app */; settings = {ATTRIBUTES = (RemoveHeadersOnCopy, ); }; };
		91510FB02535CDF3000A604E /* Interface.storyboard in Resources */ = {isa = PBXBuildFile; fileRef = 91510FAE2535CDF3000A604E /* Interface.storyboard */; };
		91510FB22535CDF4000A604E /* Assets.xcassets in Resources */ = {isa = PBXBuildFile; fileRef = 91510FB12535CDF4000A604E /* Assets.xcassets */; };
		91510FB92535CDF4000A604E /* watchTest WatchKit Extension.appex in Embed App Extensions */ = {isa = PBXBuildFile; fileRef = 91510FB82535CDF4000A604E /* watchTest WatchKit Extension.appex */; settings = {ATTRIBUTES = (RemoveHeadersOnCopy, ); }; };
		91510FBE2535CDF4000A604E /* InterfaceController.swift in Sources */ = {isa = PBXBuildFile; fileRef = 91510FBD2535CDF4000A604E /* InterfaceController.swift */; };
		91510FC02535CDF4000A604E /* ExtensionDelegate.swift in Sources */ = {isa = PBXBuildFile; fileRef = 91510FBF2535CDF4000A604E /* ExtensionDelegate.swift */; };
		91510FC22535CDF4000A604E /* Assets.xcassets in Resources */ = {isa = PBXBuildFile; fileRef = 91510FC12535CDF4000A604E /* Assets.xcassets */; };
/* End PBXBuildFile section */

/* Begin PBXContainerItemProxy section */
		91510FAB2535CDF3000A604E /* PBXContainerItemProxy */ = {
			isa = PBXContainerItemProxy;
			containerPortal = 91510F9F2535CDF3000A604E /* Project object */;
			proxyType = 1;
			remoteGlobalIDString = 91510FA82535CDF3000A604E;
			remoteInfo = "watchTest WatchKit App";
		};
		91510FBA2535CDF4000A604E /* PBXContainerItemProxy */ = {
			isa = PBXContainerItemProxy;
			containerPortal = 91510F9F2535CDF3000A604E /* Project object */;
			proxyType = 1;
			remoteGlobalIDString = 91510FB72535CDF4000A604E;
			remoteInfo = "watchTest WatchKit Extension";
		};
/* End PBXContainerItemProxy section */

/* Begin PBXCopyFilesBuildPhase section */
		91510FC92535CDF4000A604E /* Embed App Extensions */ = {
			isa = PBXCopyFilesBuildPhase;
			buildActionMask = 2147483647;
			dstPath = "";
			dstSubfolderSpec = 13;
			files = (
				91510FB92535CDF4000A604E /* watchTest WatchKit Extension.appex in Embed App Extensions */,
			);
			name = "Embed App Extensions";
			runOnlyForDeploymentPostprocessing = 0;
		};
		91510FCD2535CDF4000A604E /* Embed Watch Content */ = {
			isa = PBXCopyFilesBuildPhase;
			buildActionMask = 2147483647;
			dstPath = "$(CONTENTS_FOLDER_PATH)/Watch";
			dstSubfolderSpec = 16;
			files = (
				91510FAA2535CDF3000A604E /* watchTest WatchKit App.app in Embed Watch Content */,
			);
			name = "Embed Watch Content";
			runOnlyForDeploymentPostprocessing = 0;
		};
/* End PBXCopyFilesBuildPhase section */

/* Begin PBXFileReference section */
		91510FA52535CDF3000A604E /* watchTest.app */ = {isa = PBXFileReference; explicitFileType = wrapper.application; includeInIndex = 0; path = watchTest.app; sourceTree = BUILT_PRODUCTS_DIR; };
		91510FA92535CDF3000A604E /* watchTest WatchKit App.app */ = {isa = PBXFileReference; explicitFileType = wrapper.application; includeInIndex = 0; path = "watchTest WatchKit App.app"; sourceTree = BUILT_PRODUCTS_DIR; };
		91510FAF2535CDF3000A604E /* Base */ = {isa = PBXFileReference; lastKnownFileType = file.storyboard; name = Base; path = Base.lproj/Interface.storyboard; sourceTree = "<group>"; };
		91510FB12535CDF4000A604E /* Assets.xcassets */ = {isa = PBXFileReference; lastKnownFileType = folder.assetcatalog; path = Assets.xcassets; sourceTree = "<group>"; };
		91510FB32535CDF4000A604E /* Info.plist */ = {isa = PBXFileReference; lastKnownFileType = text.plist.xml; path = Info.plist; sourceTree = "<group>"; };
		91510FB82535CDF4000A604E /* watchTest WatchKit Extension.appex */ = {isa = PBXFileReference; explicitFileType = "wrapper.app-extension"; includeInIndex = 0; path = "watchTest WatchKit Extension.appex"; sourceTree = BUILT_PRODUCTS_DIR; };
		91510FBD2535CDF4000A604E /* InterfaceController.swift */ = {isa = PBXFileReference; lastKnownFileType = sourcecode.swift; path = InterfaceController.swift; sourceTree = "<group>"; };
		91510FBF2535CDF4000A604E /* ExtensionDelegate.swift */ = {isa = PBXFileReference; lastKnownFileType = sourcecode.swift; path = ExtensionDelegate.swift; sourceTree = "<group>"; };
		91510FC12535CDF4000A604E /* Assets.xcassets */ = {isa = PBXFileReference; lastKnownFileType = folder.assetcatalog; path = Assets.xcassets; sourceTree = "<group>"; };
		91510FC32535CDF4000A604E /* Info.plist */ = {isa = PBXFileReference; lastKnownFileType = text.plist.xml; path = Info.plist; sourceTree = "<group>"; };
/* End PBXFileReference section */

/* Begin PBXFrameworksBuildPhase section */
		91510FB52535CDF4000A604E /* Frameworks */ = {
			isa = PBXFrameworksBuildPhase;
			buildActionMask = 2147483647;
			files = (
			);
			runOnlyForDeploymentPostprocessing = 0;
		};
/* End PBXFrameworksBuildPhase section */

/* Begin PBXGroup section */
		91510F9E2535CDF3000A604E = {
			isa = PBXGroup;
			children = (
				91510FAD2535CDF3000A604E /* watchTest WatchKit App */,
				91510FBC2535CDF4000A604E /* watchTest WatchKit Extension */,
				91510FA62535CDF3000A604E /* Products */,
			);
			sourceTree = "<group>";
		};
		91510FA62535CDF3000A604E /* Products */ = {
			isa = PBXGroup;
			children = (
				91510FA52535CDF3000A604E /* watchTest.app */,
				91510FA92535CDF3000A604E /* watchTest WatchKit App.app */,
				91510FB82535CDF4000A604E /* watchTest WatchKit Extension.appex */,
			);
			name = Products;
			sourceTree = "<group>";
		};
		91510FAD2535CDF3000A604E /* watchTest WatchKit App */ = {
			isa = PBXGroup;
			children = (
				91510FAE2535CDF3000A604E /* Interface.storyboard */,
				91510FB12535CDF4000A604E /* Assets.xcassets */,
				91510FB32535CDF4000A604E /* Info.plist */,
			);
			path = "watchTest WatchKit App";
			sourceTree = "<group>";
		};
		91510FBC2535CDF4000A604E /* watchTest WatchKit Extension */ = {
			isa = PBXGroup;
			children = (
				91510FBD2535CDF4000A604E /* InterfaceController.swift */,
				91510FBF2535CDF4000A604E /* ExtensionDelegate.swift */,
				91510FC12535CDF4000A604E /* Assets.xcassets */,
				91510FC32535CDF4000A604E /* Info.plist */,
			);
			path = "watchTest WatchKit Extension";
			sourceTree = "<group>";
		};
/* End PBXGroup section */

/* Begin PBXNativeTarget section */
		91510FA42535CDF3000A604E /* watchTest */ = {
			isa = PBXNativeTarget;
			buildConfigurationList = 91510FCE2535CDF4000A604E /* Build configuration list for PBXNativeTarget "watchTest" */;
			buildPhases = (
				91510FA32535CDF3000A604E /* Resources */,
				91510FCD2535CDF4000A604E /* Embed Watch Content */,
			);
			buildRules = (
			);
			dependencies = (
				91510FAC2535CDF3000A604E /* PBXTargetDependency */,
			);
			name = watchTest;
			productName = watchTest;
			productReference = 91510FA52535CDF3000A604E /* watchTest.app */;
			productType = "com.apple.product-type.application.watchapp2-container";
		};
		91510FA82535CDF3000A604E /* watchTest WatchKit App */ = {
			isa = PBXNativeTarget;
			buildConfigurationList = 91510FCA2535CDF4000A604E /* Build configuration list for PBXNativeTarget "watchTest WatchKit App" */;
			buildPhases = (
				91510FA72535CDF3000A604E /* Resources */,
				91510FC92535CDF4000A604E /* Embed App Extensions */,
			);
			buildRules = (
			);
			dependencies = (
				91510FBB2535CDF4000A604E /* PBXTargetDependency */,
			);
			name = "watchTest WatchKit App";
			productName = "watchTest WatchKit App";
			productReference = 91510FA92535CDF3000A604E /* watchTest WatchKit App.app */;
			productType = "com.apple.product-type.application.watchapp2";
		};
		91510FB72535CDF4000A604E /* watchTest WatchKit Extension */ = {
			isa = PBXNativeTarget;
			buildConfigurationList = 91510FC62535CDF4000A604E /* Build configuration list for PBXNativeTarget "watchTest WatchKit Extension" */;
			buildPhases = (
				91510FB42535CDF4000A604E /* Sources */,
				91510FB52535CDF4000A604E /* Frameworks */,
				91510FB62535CDF4000A604E /* Resources */,
			);
			buildRules = (
			);
			dependencies = (
			);
			name = "watchTest WatchKit Extension";
			productName = "watchTest WatchKit Extension";
			productReference = 91510FB82535CDF4000A604E /* watchTest WatchKit Extension.appex */;
			productType = "com.apple.product-type.watchkit2-extension";
		};
/* End PBXNativeTarget section */

/* Begin PBXProject section */
		91510F9F2535CDF3000A604E /* Project object */ = {
			isa = PBXProject;
			attributes = {
				LastSwiftUpdateCheck = 1160;
				LastUpgradeCheck = 1160;
				ORGANIZATIONNAME = "Damien Rojo";
				TargetAttributes = {
					91510FA42535CDF3000A604E = {
						CreatedOnToolsVersion = 11.6;
					};
					91510FA82535CDF3000A604E = {
						CreatedOnToolsVersion = 11.6;
					};
					91510FB72535CDF4000A604E = {
						CreatedOnToolsVersion = 11.6;
					};
				};
			};
			buildConfigurationList = 91510FA22535CDF3000A604E /* Build configuration list for PBXProject "watchTest" */;
			compatibilityVersion = "Xcode 9.3";
			developmentRegion = en;
			hasScannedForEncodings = 0;
			knownRegions = (
				en,
				Base,
			);
			mainGroup = 91510F9E2535CDF3000A604E;
			productRefGroup = 91510FA62535CDF3000A604E /* Products */;
			projectDirPath = "";
			projectRoot = "";
			targets = (
				91510FA42535CDF3000A604E /* watchTest */,
				91510FA82535CDF3000A604E /* watchTest WatchKit App */,
				91510FB72535CDF4000A604E /* watchTest WatchKit Extension */,
			);
		};
/* End PBXProject section */

/* Begin PBXResourcesBuildPhase section */
		91510FA32535CDF3000A604E /* Resources */ = {
			isa = PBXResourcesBuildPhase;
			buildActionMask = 2147483647;
			files = (
			);
			runOnlyForDeploymentPostprocessing = 0;
		};
		91510FA72535CDF3000A604E /* Resources */ = {
			isa = PBXResourcesBuildPhase;
			buildActionMask = 2147483647;
			files = (
				91510FB22535CDF4000A604E /* Assets.xcassets in Resources */,
				91510FB02535CDF3000A604E /* Interface.storyboard in Resources */,
			);
			runOnlyForDeploymentPostprocessing = 0;
		};
		91510FB62535CDF4000A604E /* Resources */ = {
			isa = PBXResourcesBuildPhase;
			buildActionMask = 2147483647;
			files = (
				91510FC22535CDF4000A604E /* Assets.xcassets in Resources */,
			);
			runOnlyForDeploymentPostprocessing = 0;
		};
/* End PBXResourcesBuildPhase section */

/* Begin PBXSourcesBuildPhase section */
		91510FB42535CDF4000A604E /* Sources */ = {
			isa = PBXSourcesBuildPhase;
			buildActionMask = 2147483647;
			files = (
				91510FC02535CDF4000A604E /* ExtensionDelegate.swift in Sources */,
				91510FBE2535CDF4000A604E /* InterfaceController.swift in Sources */,
			);
			runOnlyForDeploymentPostprocessing = 0;
		};
/* End PBXSourcesBuildPhase section */

/* Begin PBXTargetDependency section */
		91510FAC2535CDF3000A604E /* PBXTargetDependency */ = {
			isa = PBXTargetDependency;
			target = 91510FA82535CDF3000A604E /* watchTest WatchKit App */;
			targetProxy = 91510FAB2535CDF3000A604E /* PBXContainerItemProxy */;
		};
		91510FBB2535CDF4000A604E /* PBXTargetDependency */ = {
			isa = PBXTargetDependency;
			target = 91510FB72535CDF4000A604E /* watchTest WatchKit Extension */;
			targetProxy = 91510FBA2535CDF4000A604E /* PBXContainerItemProxy */;
		};
/* End PBXTargetDependency section */

/* Begin PBXVariantGroup section */
		91510FAE2535CDF3000A604E /* Interface.storyboard */ = {
			isa = PBXVariantGroup;
			children = (
				91510FAF2535CDF3000A604E /* Base */,
			);
			name = Interface.storyboard;
			sourceTree = "<group>";
		};
/* End PBXVariantGroup section */

/* Begin XCBuildConfiguration section */
		91510FC42535CDF4000A604E /* Debug */ = {
			isa = XCBuildConfiguration;
			buildSettings = {
				ALWAYS_SEARCH_USER_PATHS = NO;
				CLANG_ANALYZER_NONNULL = YES;
				CLANG_ANALYZER_NUMBER_OBJECT_CONVERSION = YES_AGGRESSIVE;
				CLANG_CXX_LANGUAGE_STANDARD = "gnu++14";
				CLANG_CXX_LIBRARY = "libc++";
				CLANG_ENABLE_MODULES = YES;
				CLANG_ENABLE_OBJC_ARC = YES;
				CLANG_ENABLE_OBJC_WEAK = YES;
				CLANG_WARN_BLOCK_CAPTURE_AUTORELEASING = YES;
				CLANG_WARN_BOOL_CONVERSION = YES;
				CLANG_WARN_COMMA = YES;
				CLANG_WARN_CONSTANT_CONVERSION = YES;
				CLANG_WARN_DEPRECATED_OBJC_IMPLEMENTATIONS = YES;
				CLANG_WARN_DIRECT_OBJC_ISA_USAGE = YES_ERROR;
				CLANG_WARN_DOCUMENTATION_COMMENTS = YES;
				CLANG_WARN_EMPTY_BODY = YES;
				CLANG_WARN_ENUM_CONVERSION = YES;
				CLANG_WARN_INFINITE_RECURSION = YES;
				CLANG_WARN_INT_CONVERSION = YES;
				CLANG_WARN_NON_LITERAL_NULL_CONVERSION = YES;
				CLANG_WARN_OBJC_IMPLICIT_RETAIN_SELF = YES;
				CLANG_WARN_OBJC_LITERAL_CONVERSION = YES;
				CLANG_WARN_OBJC_ROOT_CLASS = YES_ERROR;
				CLANG_WARN_RANGE_LOOP_ANALYSIS = YES;
				CLANG_WARN_STRICT_PROTOTYPES = YES;
				CLANG_WARN_SUSPICIOUS_MOVE = YES;
				CLANG_WARN_UNGUARDED_AVAILABILITY = YES_AGGRESSIVE;
				CLANG_WARN_UNREACHABLE_CODE = YES;
				CLANG_WARN__DUPLICATE_METHOD_MATCH = YES;
				COPY_PHASE_STRIP = NO;
				DEBUG_INFORMATION_FORMAT = dwarf;
				ENABLE_STRICT_OBJC_MSGSEND = YES;
				ENABLE_TESTABILITY = YES;
				GCC_C_LANGUAGE_STANDARD = gnu11;
				GCC_DYNAMIC_NO_PIC = NO;
				GCC_NO_COMMON_BLOCKS = YES;
				GCC_OPTIMIZATION_LEVEL = 0;
				GCC_PREPROCESSOR_DEFINITIONS = (
					"DEBUG=1",
					"$(inherited)",
				);
				GCC_WARN_64_TO_32_BIT_CONVERSION = YES;
				GCC_WARN_ABOUT_RETURN_TYPE = YES_ERROR;
				GCC_WARN_UNDECLARED_SELECTOR = YES;
				GCC_WARN_UNINITIALIZED_AUTOS = YES_AGGRESSIVE;
				GCC_WARN_UNUSED_FUNCTION = YES;
				GCC_WARN_UNUSED_VARIABLE = YES;
				MTL_ENABLE_DEBUG_INFO = INCLUDE_SOURCE;
				MTL_FAST_MATH = YES;
				ONLY_ACTIVE_ARCH = YES;
				SDKROOT = iphoneos;
				SWIFT_ACTIVE_COMPILATION_CONDITIONS = DEBUG;
				SWIFT_OPTIMIZATION_LEVEL = "-Onone";
			};
			name = Debug;
		};
		91510FC52535CDF4000A604E /* Release */ = {
			isa = XCBuildConfiguration;
			buildSettings = {
				ALWAYS_SEARCH_USER_PATHS = NO;
				CLANG_ANALYZER_NONNULL = YES;
				CLANG_ANALYZER_NUMBER_OBJECT_CONVERSION = YES_AGGRESSIVE;
				CLANG_CXX_LANGUAGE_STANDARD = "gnu++14";
				CLANG_CXX_LIBRARY = "libc++";
				CLANG_ENABLE_MODULES = YES;
				CLANG_ENABLE_OBJC_ARC = YES;
				CLANG_ENABLE_OBJC_WEAK = YES;
				CLANG_WARN_BLOCK_CAPTURE_AUTORELEASING = YES;
				CLANG_WARN_BOOL_CONVERSION = YES;
				CLANG_WARN_COMMA = YES;
				CLANG_WARN_CONSTANT_CONVERSION = YES;
				CLANG_WARN_DEPRECATED_OBJC_IMPLEMENTATIONS = YES;
				CLANG_WARN_DIRECT_OBJC_ISA_USAGE = YES_ERROR;
				CLANG_WARN_DOCUMENTATION_COMMENTS = YES;
				CLANG_WARN_EMPTY_BODY = YES;
				CLANG_WARN_ENUM_CONVERSION = YES;
				CLANG_WARN_INFINITE_RECURSION = YES;
				CLANG_WARN_INT_CONVERSION = YES;
				CLANG_WARN_NON_LITERAL_NULL_CONVERSION = YES;
				CLANG_WARN_OBJC_IMPLICIT_RETAIN_SELF = YES;
				CLANG_WARN_OBJC_LITERAL_CONVERSION = YES;
				CLANG_WARN_OBJC_ROOT_CLASS = YES_ERROR;
				CLANG_WARN_RANGE_LOOP_ANALYSIS = YES;
				CLANG_WARN_STRICT_PROTOTYPES = YES;
				CLANG_WARN_SUSPICIOUS_MOVE = YES;
				CLANG_WARN_UNGUARDED_AVAILABILITY = YES_AGGRESSIVE;
				CLANG_WARN_UNREACHABLE_CODE = YES;
				CLANG_WARN__DUPLICATE_METHOD_MATCH = YES;
				COPY_PHASE_STRIP = NO;
				DEBUG_INFORMATION_FORMAT = "dwarf-with-dsym";
				ENABLE_NS_ASSERTIONS = NO;
				ENABLE_STRICT_OBJC_MSGSEND = YES;
				GCC_C_LANGUAGE_STANDARD = gnu11;
				GCC_NO_COMMON_BLOCKS = YES;
				GCC_WARN_64_TO_32_BIT_CONVERSION = YES;
				GCC_WARN_ABOUT_RETURN_TYPE = YES_ERROR;
				GCC_WARN_UNDECLARED_SELECTOR = YES;
				GCC_WARN_UNINITIALIZED_AUTOS = YES_AGGRESSIVE;
				GCC_WARN_UNUSED_FUNCTION = YES;
				GCC_WARN_UNUSED_VARIABLE = YES;
				MTL_ENABLE_DEBUG_INFO = NO;
				MTL_FAST_MATH = YES;
				SDKROOT = iphoneos;
				SWIFT_COMPILATION_MODE = wholemodule;
				SWIFT_OPTIMIZATION_LEVEL = "-O";
				VALIDATE_PRODUCT = YES;
			};
			name = Release;
		};
		91510FC72535CDF4000A604E /* Debug */ = {
			isa = XCBuildConfiguration;
			buildSettings = {
				ASSETCATALOG_COMPILER_COMPLICATION_NAME = Complication;
				CODE_SIGN_STYLE = Automatic;
				DEVELOPMENT_TEAM = SPYXZN2GGQ;
				INFOPLIST_FILE = "watchTest WatchKit Extension/Info.plist";
				LD_RUNPATH_SEARCH_PATHS = (
					"$(inherited)",
					"@executable_path/Frameworks",
					"@executable_path/../../Frameworks",
				);
				PRODUCT_BUNDLE_IDENTIFIER = com.DRojo.watchTest.watchkitapp.watchkitextension;
				PRODUCT_NAME = "${TARGET_NAME}";
				SDKROOT = watchos;
				SKIP_INSTALL = YES;
				SWIFT_VERSION = 5.0;
				TARGETED_DEVICE_FAMILY = 4;
				WATCHOS_DEPLOYMENT_TARGET = 6.2;
			};
			name = Debug;
		};
		91510FC82535CDF4000A604E /* Release */ = {
			isa = XCBuildConfiguration;
			buildSettings = {
				ASSETCATALOG_COMPILER_COMPLICATION_NAME = Complication;
				CODE_SIGN_STYLE = Automatic;
				DEVELOPMENT_TEAM = SPYXZN2GGQ;
				INFOPLIST_FILE = "watchTest WatchKit Extension/Info.plist";
				LD_RUNPATH_SEARCH_PATHS = (
					"$(inherited)",
					"@executable_path/Frameworks",
					"@executable_path/../../Frameworks",
				);
				PRODUCT_BUNDLE_IDENTIFIER = com.DRojo.watchTest.watchkitapp.watchkitextension;
				PRODUCT_NAME = "${TARGET_NAME}";
				SDKROOT = watchos;
				SKIP_INSTALL = YES;
				SWIFT_VERSION = 5.0;
				TARGETED_DEVICE_FAMILY = 4;
				WATCHOS_DEPLOYMENT_TARGET = 6.2;
			};
			name = Release;
		};
		91510FCB2535CDF4000A604E /* Debug */ = {
			isa = XCBuildConfiguration;
			buildSettings = {
				ALWAYS_EMBED_SWIFT_STANDARD_LIBRARIES = YES;
				ASSETCATALOG_COMPILER_APPICON_NAME = AppIcon;
				CODE_SIGN_STYLE = Automatic;
				DEVELOPMENT_TEAM = SPYXZN2GGQ;
				IBSC_MODULE = watchTest_WatchKit_Extension;
				INFOPLIST_FILE = "watchTest WatchKit App/Info.plist";
				PRODUCT_BUNDLE_IDENTIFIER = com.DRojo.watchTest.watchkitapp;
				PRODUCT_NAME = "$(TARGET_NAME)";
				SDKROOT = watchos;
				SKIP_INSTALL = YES;
				SWIFT_VERSION = 5.0;
				TARGETED_DEVICE_FAMILY = 4;
				WATCHOS_DEPLOYMENT_TARGET = 6.2;
			};
			name = Debug;
		};
		91510FCC2535CDF4000A604E /* Release */ = {
			isa = XCBuildConfiguration;
			buildSettings = {
				ALWAYS_EMBED_SWIFT_STANDARD_LIBRARIES = YES;
				ASSETCATALOG_COMPILER_APPICON_NAME = AppIcon;
				CODE_SIGN_STYLE = Automatic;
				DEVELOPMENT_TEAM = SPYXZN2GGQ;
				IBSC_MODULE = watchTest_WatchKit_Extension;
				INFOPLIST_FILE = "watchTest WatchKit App/Info.plist";
				PRODUCT_BUNDLE_IDENTIFIER = com.DRojo.watchTest.watchkitapp;
				PRODUCT_NAME = "$(TARGET_NAME)";
				SDKROOT = watchos;
				SKIP_INSTALL = YES;
				SWIFT_VERSION = 5.0;
				TARGETED_DEVICE_FAMILY = 4;
				WATCHOS_DEPLOYMENT_TARGET = 6.2;
			};
			name = Release;
		};
		91510FCF2535CDF4000A604E /* Debug */ = {
			isa = XCBuildConfiguration;
			buildSettings = {
				CODE_SIGN_STYLE = Automatic;
				CURRENT_PROJECT_VERSION = 1;
				DEVELOPMENT_TEAM = SPYXZN2GGQ;
				MARKETING_VERSION = 1.0;
				PRODUCT_BUNDLE_IDENTIFIER = com.DRojo.watchTest;
				PRODUCT_NAME = "$(TARGET_NAME)";
				SWIFT_VERSION = 5.0;
			};
			name = Debug;
		};
		91510FD02535CDF4000A604E /* Release */ = {
			isa = XCBuildConfiguration;
			buildSettings = {
				CODE_SIGN_STYLE = Automatic;
				CURRENT_PROJECT_VERSION = 1;
				DEVELOPMENT_TEAM = SPYXZN2GGQ;
				MARKETING_VERSION = 1.0;
				PRODUCT_BUNDLE_IDENTIFIER = com.DRojo.watchTest;
				PRODUCT_NAME = "$(TARGET_NAME)";
				SWIFT_VERSION = 5.0;
			};
			name = Release;
		};
/* End XCBuildConfiguration section */

/* Begin XCConfigurationList section */
		91510FA22535CDF3000A604E /* Build configuration list for PBXProject "watchTest" */ = {
			isa = XCConfigurationList;
			buildConfigurations = (
				91510FC42535CDF4000A604E /* Debug */,
				91510FC52535CDF4000A604E /* Release */,
			);
			defaultConfigurationIsVisible = 0;
			defaultConfigurationName = Release;
		};
		91510FC62535CDF4000A604E /* Build configuration list for PBXNativeTarget "watchTest WatchKit Extension" */ = {
			isa = XCConfigurationList;
			buildConfigurations = (
				91510FC72535CDF4000A604E /* Debug */,
				91510FC82535CDF4000A604E /* Release */,
			);
			defaultConfigurationIsVisible = 0;
			defaultConfigurationName = Release;
		};
		91510FCA2535CDF4000A604E /* Build configuration list for PBXNativeTarget "watchTest WatchKit App" */ = {
			isa = XCConfigurationList;
			buildConfigurations = (
				91510FCB2535CDF4000A604E /* Debug */,
				91510FCC2535CDF4000A604E /* Release */,
			);
			defaultConfigurationIsVisible = 0;
			defaultConfigurationName = Release;
		};
		91510FCE2535CDF4000A604E /* Build configuration list for PBXNativeTarget "watchTest" */ = {
			isa = XCConfigurationList;
			buildConfigurations = (
				91510FCF2535CDF4000A604E /* Debug */,
				91510FD02535CDF4000A604E /* Release */,
			);
			defaultConfigurationIsVisible = 0;
			defaultConfigurationName = Release;
		};
/* End XCConfigurationList section */
	};
	rootObject = 91510F9F2535CDF3000A604E /* Project object */;
}
